github.com/BurntSushi/toml v1.5.0 h1:W5quZX/G/csjUnuI8SUYlsHs9M38FC7znL0lIO+DvMg=
github.com/BurntSushi/toml v1.5.0/go.mod h1:ukJfTF/6rtPPRCnwkur4qwRxa8vTRFBF0uk2lLoLwho=
github.com/aws/aws-sdk-go-v2 v1.41.0 h1:tNvqh1s+v0vFYdA1xq0aOJH+Y5cRyZ5upu6roPgPKd4=
github.com/aws/aws-sdk-go-v2 v1.41.0/go.mod h1:MayyLB8y+buD9hZqkCW3kX1AKq07Y5pXxtgB+rRFhz0=
github.com/aws/aws-sdk-go-v2/aws/protocol/eventstream v1.7.3 h1:DHctwEM8P8iTXFxC/QK0MRjwEpWQeM9yzidCRjldUz0=
github.com/aws/aws-sdk-go-v2/aws/protocol/eventstream v1.7.3/go.mod h1:xdCzcZEtnSTKVDOmUZs4l/j3pSV6rpo1WXl5ugNsL8Y=
github.com/aws/aws-sdk-go-v2/config v1.28.7 h1:GduUnoTXlhkgnxTD93g1nv4tVPILbdNQOzav+Wpg7AE=
github.com/aws/aws-sdk-go-v2/config v1.28.7/go.mod h1:vZGX6GVkIE8uECSUHB6MWAUsd4ZcG2Yq/dMa4refR3M=
github.com/aws/aws-sdk-go-v2/credentials v1.17.48 h1:IYdLD1qTJ0zanRavulofmqut4afs45mOWEI+MzZtTfQ=
github.com/aws/aws-sdk-go-v2/credentials v1.17.48/go.mod h1:tOscxHN3CGmuX9idQ3+qbkzrjVIx32lqDSU1/0d/qXs=
github.com/aws/aws-sdk-go-v2/feature/ec2/imds v1.16.22 h1:kqOrpojG71DxJm/KDPO+Z/y1phm1JlC8/iT+5XRmAn8=
github.com/aws/aws-sdk-go-v2/feature/ec2/imds v1.16.22/go.mod h1:NtSFajXVVL8TA2QNngagVZmUtXciyrHOt7xgz4faS/M=
github.com/aws/aws-sdk-go-v2/internal/configsources v1.4.16 h1:rgGwPzb82iBYSvHMHXc8h9mRoOUBZIGFgKb9qniaZZc=
github.com/aws/aws-sdk-go-v2/internal/configsources v1.4.16/go.mod h1:L/UxsGeKpGoIj6DxfhOWHWQ/kGKcd4I1VncE4++IyKA=
github.com/aws/aws-sdk-go-v2/internal/endpoints/v2 v2.7.16 h1:1jtGzuV7c82xnqOVfx2F0xmJcOw5374L7N6juGW6x6U=
github.com/aws/aws-sdk-go-v2/internal/endpoints/v2 v2.7.16/go.mod h1:M2E5OQf+XLe+SZGmmpaI2yy+J326aFf6/+54PoxSANc=
github.com/aws/aws-sdk-go-v2/internal/ini v1.8.1 h1:VaRN3TlFdd6KxX1x3ILT5ynH6HvKgqdiXoTxAF4HQcQ=
github.com/aws/aws-sdk-go-v2/internal/ini v1.8.1/go.mod h1:FbtygfRFze9usAadmnGJNc8KsP346kEe+y2/oyhGAGc=
github.com/aws/aws-sdk-go-v2/internal/v4a v1.3.24 h1:JX70yGKLj25+lMC5Yyh8wBtvB01GDilyRuJvXJ4piD0=
github.com/aws/aws-sdk-go-v2/internal/v4a v1.3.24/go.mod h1:+Ln60j9SUTD0LEwnhEB0Xhg61DHqplBrbZpLgyjoEHg=
github.com/aws/aws-sdk-go-v2/service/acm v1.37.15 h1:JV5N0Fc36WDewHDg3ap15OncrpMnGTINm6DkHICtuUo=
github.com/aws/aws-sdk-go-v2/service/acm v1.37.15/go.mod h1:Bmnx9GINL2vPDrVqZDVKtukAOmuovly5IGzXJH2dOA8=
github.com/aws/aws-sdk-go-v2/service/apigatewayv2 v1.33.2 h1:vmXrs6ZdYIjSnVNaRmclj4C9aukhaATGc5xrYxl3BfU=
github.com/aws/aws-sdk-go-v2/service/apigatewayv2 v1.33.2/go.mod h1:wjcTbvMGit508yYd5nXdFC404E6YR04VE4FZ6jHvO8Y=
github.com/aws/aws-sdk-go-v2/service/autoscaling v1.59.1 h1:R6r+//CnZNEOyUQDjTaqfUNk5FE/umPWbLo4l3b0glQ=
github.com/aws/aws-sdk-go-v2/service/autoscaling v1.59.1/go.mod h1:EjcucApl+Do5h3SFDSqYdTd8KA25sWmttgF0J9YXDkc=
github.com/aws/aws-sdk-go-v2/service/cloudfront v1.58.1 h1:oZkhZ/qcgJqlitFX+rqzBcd/YSSylkboZb9wFEVx7nc=
github.com/aws/aws-sdk-go-v2/service/cloudfront v1.58.1/go.mod h1:BeF/zsF5v8suyEFqg9h230PtSBJAL2PWSCCULD4/H5g=
github.com/aws/aws-sdk-go-v2/service/cloudwatchlogs v1.61.1 h1:1Ci283hJE+S3XC4n5b2peV/wlcAo5rTVDb6j6JJ1aTo=
github.com/aws/aws-sdk-go-v2/service/cloudwatchlogs v1.61.1/go.mod h1:WXcA3mYRgWVIzjD+kxzap0axltmt4zBVDZaRX0S86gk=
github.com/aws/aws-sdk-go-v2/service/dynamodb v1.53.2 h1:+/HEQj1fQGr17AQ0fAKpefDHw2hxQ3f0q96hY39J8Ao=
github.com/aws/aws-sdk-go-v2/service/dynamodb v1.53.2/go.mod h1:bz4cZH7uK5fLxQbj7hL4MFDL+pjReC9en/nM2Wfwxsk=
github.com/aws/aws-sdk-go-v2/service/ec2 v1.218.0 h1:QPYsTfcPpPhkF+37pxLcl3xbQz2SRxsShQNB6VCkvLo=
github.com/aws/aws-sdk-go-v2/service/ec2 v1.218.0/go.mod h1:ouvGEfHbLaIlWwpDpOVWPWR+YwO0HDv3vm5tYLq8ImY=
github.com/aws/aws-sdk-go-v2/service/ecs v1.69.1 h1:8Z+sQnE1Y9QXKgWtpdtOrRbFgG82zR3W8bt5mYOP4O4=
github.com/aws/aws-sdk-go-v2/service/ecs v1.69.1/go.mod h1:Tc2TICeWJQ4koMm6/39NK1ZIrSJh+5FF8EAm4WtdN+0=
github.com/aws/aws-sdk-go-v2/service/eks v1.73.3 h1:V6MAr82kSLdj3/tN4UcPtlXDbvkNcAxsIvq59CNe704=
github.com/aws/aws-sdk-go-v2/service/eks v1.73.3/go.mod h1:FeDTTHze8jWVCZBiMkUYxJ/TQdOpTf9zbJjf0RI0ajo=
github.com/aws/aws-sdk-go-v2/service/elasticache v1.51.5 h1:hSpOzx/Lu9CPR8Z63eJ41/QFe4wpwC9+4dPaF5duMs4=
github.com/aws/aws-sdk-go-v2/service/elasticache v1.51.5/go.mod h1:ApnhfqBJO/U4iwpAYBKWmGZFXR2de6UVjqhj/hGMaEk=
github.com/aws/aws-sdk-go-v2/service/elasticloadbalancingv2 v1.50.4 h1:gV2I0ie9/hnwYc+HO7H6m4iSQ5n9s0n0KO5TsmOKn24=
github.com/aws/aws-sdk-go-v2/service/elasticloadbalancingv2 v1.50.4/go.mod h1:YXClVP0EJ91D+khPRye/nUxK6/uQOsFEhMTKYiOnnrw=
github.com/aws/aws-sdk-go-v2/service/glue v1.135.0 h1:eIJmjEBRzPtB7zSS9ZIVlFWKYGk0EW9jMHqJ76JlpsQ=
github.com/aws/aws-sdk-go-v2/service/glue v1.135.0/go.mod h1:2yxIwUNUUoAcN7xlsrkAH4zcT79XFY6lcjc1V8i1ATg=
github.com/aws/aws-sdk-go-v2/service/iam v1.52.2 h1:li0ooCUfHIivHn8nB3LstP6HgdNefwu5gnXE4MLVz/U=
github.com/aws/aws-sdk-go-v2/service/iam v1.52.2/go.mod h1:PuHz5kGh1jtsNpjezdYhRp7xgn6DzCNJJfQt7O7U9Aw=
github.com/aws/aws-sdk-go-v2/service/internal/accept-encoding v1.13.4 h1:0ryTNEdJbzUCEWkVXEXoqlXV72J5keC1GvILMOuD00E=
github.com/aws/aws-sdk-go-v2/service/internal/accept-encoding v1.13.4/go.mod h1:HQ4qwNZh32C3CBeO6iJLQlgtMzqeG17ziAA/3KDJFow=
github.com/aws/aws-sdk-go-v2/service/internal/checksum v1.4.5 h1:gvZOjQKPxFXy1ft3QnEyXmT+IqneM9QAUWlM3r0mfqw=
github.com/aws/aws-sdk-go-v2/service/internal/checksum v1.4.5/go.mod h1:DLWnfvIcm9IET/mmjdxeXbBKmTCm0ZB8p1za9BVteM8=
github.com/aws/aws-sdk-go-v2/service/internal/endpoint-discovery v1.11.14 h1:3exo28cClRTVnxdj/LULxkESZSSv74RUIjZ7tfHXfWQ=
github.com/aws/aws-sdk-go-v2/service/internal/endpoint-discovery v1.11.14/go.mod h1:yLon9pByjyB6JZq5IAmwnjE3ObIhD0QibfRWH7tUhLU=
github.com/aws/aws-sdk-go-v2/service/internal/presigned-url v1.13.16 h1:oHjJHeUy0ImIV0bsrX0X91GkV5nJAyv1l1CC9lnO0TI=
github.com/aws/aws-sdk-go-v2/service/internal/presigned-url v1.13.16/go.mod h1:iRSNGgOYmiYwSCXxXaKb9HfOEj40+oTKn8pTxMlYkRM=
github.com/aws/aws-sdk-go-v2/service/internal/s3shared v1.18.5 h1:P1doBzv5VEg1ONxnJss1Kh5ZG/ewoIE4MQtKKc6Crgg=
github.com/aws/aws-sdk-go-v2/service/internal/s3shared v1.18.5/go.mod h1:NOP+euMW7W3Ukt28tAxPuoWao4rhhqJD3QEBk7oCg7w=
github.com/aws/aws-sdk-go-v2/service/kafka v1.46.6 h1:8GwQKeGyOuZIS7DtWmAZzoh2sJq6QeCdiL6i3TyYJ8A=
github.com/aws/aws-sdk-go-v2/service/kafka v1.46.6/go.mod h1:cjAeQGjIRvsHQ/GSr2TEJ717iupfC8PXXqP3nDiIIR4=
github.com/aws/aws-sdk-go-v2/service/kinesis v1.42.6 h1:JSF09sxM8uHAOl9HG9FVUjZAMBcUDVLLTDwqYtH8tng=
github.com/aws/aws-sdk-go-v2/service/kinesis v1.42.6/go.mod h1:2R0Wat51k1YDy58MSkEUzyiAK0L2ibRoChvSc76fXY0=
github.com/aws/aws-sdk-go-v2/service/lambda v1.70.0 h1:7V3zMyEZ6b32GVq7OFhEMU3Fz70anffPf0p3tpcNzs4=
github.com/aws/aws-sdk-go-v2/service/lambda v1.70.0/go.mod h1:c27kk10S36lBYgbG1jR3opn4OAS5Y/4wjJa1GiHK/X4=
github.com/aws/aws-sdk-go-v2/service/opensearch v1.57.0 h1:O+FQ+Jfe8VPEj8ehKSUvfMeUdnnGaAU1N5TvldLMNwk=
github.com/aws/aws-sdk-go-v2/service/opensearch v1.57.0/go.mod h1:0VgDf/vMiSyGBTP1OrqqdWLpbAJQd9wKfFpLtWffrFQ=
github.com/aws/aws-sdk-go-v2/service/rds v1.88.0 h1:QdpwmIB0ZZN/devOnw+dJSF2VFnmn3LM5kuEKQ0kpj0=
github.com/aws/aws-sdk-go-v2/service/rds v1.88.0/go.mod h1:KziDa/w2AVz3dfANxwuBV0XqoQjxTKbVQyLNH5BRvO4=
github.com/aws/aws-sdk-go-v2/service/redshift v1.61.1 h1:4YBiQZC9Q3luuelFwpTCg6NVDY2ZlKoB9huIxUiWlZ4=
github.com/aws/aws-sdk-go-v2/service/redshift v1.61.1/go.mod h1:i/7qjbmYknaQFO0ngVOwQxom9SR4RAxG1ZgJgcxAJZg=
github.com/aws/aws-sdk-go-v2/service/route53 v1.61.0 h1:W3+0Cbc9awFBr9Yt7nFUkvB4N4e7vVIGtKD1qDttXn4=
github.com/aws/aws-sdk-go-v2/service/route53 v1.61.0/go.mod h1:Wa3q5R2uwIfIL3HZH+vG1/P9y7CjjfzTgcz5IWXlsZs=
github.com/aws/aws-sdk-go-v2/service/s3 v1.68.0 h1:bFpcqdwtAEsgpZXvkTxIThFQx/EM0oV6kXmfFIGjxME=
github.com/aws/aws-sdk-go-v2/service/s3 v1.68.0/go.mod h1:ralv4XawHjEMaHOWnTFushl0WRqim/gQWesAMF6hTow=
github.com/aws/aws-sdk-go-v2/service/secretsmanager v1.40.2 h1:p0tPbc1uXSAYs9ACiVB9WxlV6AY5TBVNadXdvGrtOHA=
github.com/aws/aws-sdk-go-v2/service/secretsmanager v1.40.2/go.mod h1:c6Vg0BRiU7v0MVhHupw90RyL120QBwAMLbDCzptGeMk=
github.com/aws/aws-sdk-go-v2/service/sfn v1.40.2 h1:u/REhRDNnYzwfPRfB6/tXPEqN2IKfWhcvu7vBzoZiM0=
github.com/aws/aws-sdk-go-v2/service/sfn v1.40.2/go.mod h1:SfQJec/CUwt2weEeSHMXxqaIoDafaWTdKjcHqkJ+OVc=
github.com/aws/aws-sdk-go-v2/service/sns v1.39.7 h1:fovS7qGMT+BBSuifkySdVaMWxXTyaYT6qaBx/1y6Ij4=
github.com/aws/aws-sdk-go-v2/service/sns v1.39.7/go.mod h1:gFahrattA8ulEtiS4XL/fQiQ77l+Urc52Y96/r1e6ks=
github.com/aws/aws-sdk-go-v2/service/sqs v1.42.17 h1:ZNMxVFPayuHe14u/vn+BwLi3wxQvxcNTw8WdPv2gqBc=
github.com/aws/aws-sdk-go-v2/service/sqs v1.42.17/go.mod h1:ZxqweFQ2w6NNznWMUvWV9AvkAfM6J8F/MC250Mb4n1I=
github.com/aws/aws-sdk-go-v2/service/sso v1.24.8 h1:CvuUmnXI7ebaUAhbJcDy9YQx8wHR69eZ9I7q5hszt/g=
github.com/aws/aws-sdk-go-v2/service/sso v1.24.8/go.mod h1:XDeGv1opzwm8ubxddF0cgqkZWsyOtw4lr6dxwmb6YQg=
github.com/aws/aws-sdk-go-v2/service/ssooidc v1.28.7 h1:F2rBfNAL5UyswqoeWv9zs74N/NanhK16ydHW1pahX6E=
github.com/aws/aws-sdk-go-v2/service/ssooidc v1.28.7/go.mod h1:JfyQ0g2JG8+Krq0EuZNnRwX0mU0HrwY/tG6JNfcqh4k=
github.com/aws/aws-sdk-go-v2/service/sts v1.41.5 h1:SciGFVNZ4mHdm7gpD1dgZYnCuVdX1s+lFTg4+4DOy70=
github.com/aws/aws-sdk-go-v2/service/sts v1.41.5/go.mod h1:iW40X4QBmUxdP+fZNOpfmkdMZqsovezbAeO+Ubiv2pk=
github.com/aws/smithy-go v1.24.0 h1:LpilSUItNPFr1eY85RYgTIg5eIEPtvFbskaFcmmIUnk=
github.com/aws/smithy-go v1.24.0/go.mod h1:LEj2LM3rBRQJxPZTB4KuzZkaZYnZPnvgIhb4pu07mx0=
github.com/beorn7/perks v1.0.1 h1:VlbKKnNfV8bJzeqoa4cOKqO6bYr3WgKZxO8Z16+hsOM=
github.com/beorn7/perks v1.0.1/go.mod h1:G2ZrVWU2WbWT9wwq4/hrbKbnv/1ERSJQ0ibhJ6rlkpw=
github.com/cenkalti/backoff/v5 v5.0.3 h1:ZN+IMa753KfX5hd8vVaMixjnqRZ3y8CuJKRKj1xcsSM=
github.com/cenkalti/backoff/v5 v5.0.3/go.mod h1:rkhZdG3JZukswDf7f0cwqPNk4K0sa+F97BxZthm/crw=
github.com/cespare/xxhash/v2 v2.3.0 h1:UL815xU9SqsFlibzuggzjXhog7bL6oX9BbNZnL2UFvs=
github.com/cespare/xxhash/v2 v2.3.0/go.mod h1:VGX0DQ3Q6kWi7AoAeZDth3/j3BFtOZR5XLFGgcrjCOs=
github.com/coreos/go-systemd/v22 v22.5.0/go.mod h1:Y58oyj3AT4RCenI/lSvhwexgC+NSVTIJ3seZv2GcEnc=
github.com/davecgh/go-spew v1.1.0/go.mod h1:J7Y8YcW2NihsgmVo/mv3lAwl/skON4iLHjSsI+c5H38=
github.com/davecgh/go-spew v1.1.1 h1:vj9j/u1bqnvCEfJOwUhtlOARqs3+rkHYY13jYWTU97c=
github.com/davecgh/go-spew v1.1.1/go.mod h1:J7Y8YcW2NihsgmVo/mv3lAwl/skON4iLHjSsI+c5H38=
github.com/go-logr/logr v1.2.2/go.mod h1:jdQByPbusPIv2/zmleS9BjJVeZ6kBagPoEUsqbVz/1A=
github.com/go-logr/logr v1.4.3 h1:CjnDlHq8ikf6E492q6eKboGOC0T8CDaOvkHCIg8idEI=
github.com/go-logr/logr v1.4.3/go.mod h1:9T104GzyrTigFIr8wt5mBrctHMim0Nb2HLGrmQ40KvY=
github.com/go-logr/stdr v1.2.2 h1:hSWxHoqTgW2S2qGc0LTAI563KZ5YKYRhT3MFKZMbjag=
github.com/go-logr/stdr v1.2.2/go.mod h1:mMo/vtBO5dYbehREoey6XUKy/eSumjCCveDpRre4VKE=
github.com/godbus/dbus/v5 v5.0.4/go.mod h1:xhWf0FNVPg57R7Z0UbKHbJfkEywrmjJnf7w5xrFpKfA=
github.com/golang/protobuf v1.5.4 h1:i7eJL8qZTpSEXOPTxNKhASYpMn+8e5Q6AdndVa1dWek=
github.com/golang/protobuf v1.5.4/go.mod h1:lnTiLA8Wa4RWRcIUkrtSVa5nRhsEGBg48fD6rSs7xps=
github.com/google/go-cmp v0.7.0 h1:wk8382ETsv4JYUZwIsn6YpYiWiBsYLSJiTsyBybVuN8=
github.com/google/go-cmp v0.7.0/go.mod h1:pXiqmnSA92OHEEa9HXL2W4E7lf9JzCmGVUdgjX3N/iU=
github.com/google/uuid v1.6.0 h1:NIvaJDMOsjHA8n1jAhLSgzrAzy1Hgr+hNrb57e+94F0=
github.com/google/uuid v1.6.0/go.mod h1:TIyPZe4MgqvfeYDBFedMoGGpEw/LqOeaOT+nhxU+yHo=
github.com/grafana/regexp v0.0.0-20240518133315-a468a5bfb3bc h1:GN2Lv3MGO7AS6PrRoT6yV5+wkrOpcszoIsO4+4ds248=
github.com/grafana/regexp v0.0.0-20240518133315-a468a5bfb3bc/go.mod h1:+JKpmjMGhpgPL+rXZ5nsZieVzvarn86asRlBg4uNGnk=
github.com/grpc-ecosystem/grpc-gateway/v2 v2.27.2 h1:8Tjv8EJ+pM1xP8mK6egEbD1OgnVTyacbefKhmbLhIhU=
github.com/grpc-ecosystem/grpc-gateway/v2 v2.27.2/go.mod h1:pkJQ2tZHJ0aFOVEEot6oZmaVEZcRme73eIFmhiVuRWs=
github.com/jmespath/go-jmespath v0.4.0 h1:BEgLn5cpjn8UN1mAw4NjwDrS35OdebyEtFe+9YPoQUg=
github.com/jmespath/go-jmespath v0.4.0/go.mod h1:T8mJZnbsbmF+m6zOOFylbeCJqk5+pHWvzYPziyZiYoo=
github.com/jmespath/go-jmespath/internal/testify v1.5.1 h1:shLQSRRSCCPj3f2gpwzGwWFoC7ycTf1rcQZHOlsJ6N8=
github.com/jmespath/go-jmespath/internal/testify v1.5.1/go.mod h1:L3OGu8Wl2/fWfCI6z80xFu9LTZmf1ZRjMHUOPmWr69U=
github.com/klauspost/compress v1.18.0 h1:c/Cqfb0r+Yi+JtIEq73FWXVkRonBlf0CRNYc8Zttxdo=
github.com/klauspost/compress v1.18.0/go.mod h1:2Pp+KzxcywXVXMr50+X0Q/Lsb43OQHYWRCY2AiWywWQ=
github.com/kr/pretty v0.3.1 h1:flRD4NNwYAUpkphVc1HcthR4KEIFJ65n8Mw5qdRn3LE=
github.com/kr/pretty v0.3.1/go.mod h1:hoEshYVHaxMs3cyo3Yncou5ZscifuDolrwPKZanG3xk=
github.com/kr/text v0.2.0 h1:5Nx0Ya0ZqY2ygV366QzturHI13Jq95ApcVaJBhpS+AY=
github.com/kr/text v0.2.0/go.mod h1:eLer722TekiGuMkidMxC/pM04lWEeraHUUmBw8l2grE=
github.com/kylelemons/godebug v1.1.0 h1:RPNrshWIDI6G2gRW9EHilWtl7Z6Sb1BR0xunSBf0SNc=
github.com/kylelemons/godebug v1.1.0/go.mod h1:9/0rRGxNHcop5bhtWyNeEfOS8JIWk580+fNqagV/RAw=
github.com/mattn/go-colorable v0.1.13 h1:fFA4WZxdEF4tXPZVKMLwD8oUnCTTo08duU7wxecdEvA=
github.com/mattn/go-colorable v0.1.13/go.mod h1:7S9/ev0klgBDR4GtXTXX8a3vIGJpMovkB8vQcUbaXHg=
github.com/mattn/go-isatty v0.0.16/go.mod h1:kYGgaQfpe5nmfYZH+SKPsOc2e4SrIfOl2e/yFXSvRLM=
github.com/mattn/go-isatty v0.0.19 h1:JITubQf0MOLdlGRuRq+jtsDlekdYPia9ZFsB8h/APPA=
github.com/mattn/go-isatty v0.0.19/go.mod h1:W+V8PltTTMOvKvAeJH7IuucS94S2C6jfK/D7dTCTo3Y=
github.com/munnerz/goautoneg v0.0.0-20191010083416-a7dc8b61c822 h1:C3w9PqII01/Oq1c1nUAm88MOHcQC9l5mIlSMApZMrHA=
github.com/munnerz/goautoneg v0.0.0-20191010083416-a7dc8b61c822/go.mod h1:+n7T8mK8HuQTcFwEeznm/DIxMOiR9yIdICNftLE1DvQ=
github.com/pkg/errors v0.9.1/go.mod h1:bwawxfHBFNV+L2hUp1rHADufV3IMtnDRdf1r5NINEl0=
github.com/pmezard/go-difflib v1.0.0 h1:4DBwDE0NGyQoBHbLQYPwSUPoCMWR5BEzIk/f1lZbAQM=
github.com/pmezard/go-difflib v1.0.0/go.mod h1:iKH77koFhYxTK1pcRnkKkqfTogsbg7gZNVY4sRDYZ/4=
github.com/prometheus/client_golang v1.23.0 h1:ust4zpdl9r4trLY/gSjlm07PuiBq2ynaXXlptpfy8Uc=
github.com/prometheus/client_golang v1.23.0/go.mod h1:i/o0R9ByOnHX0McrTMTyhYvKE4haaf2mW08I+jGAjEE=
github.com/prometheus/client_model v0.6.2 h1:oBsgwpGs7iVziMvrGhE53c/GrLUsZdHnqNwqPLxwZyk=
github.com/prometheus/client_model v0.6.2/go.mod h1:y3m2F6Gdpfy6Ut/GBsUqTWZqCUvMVzSfMLjcu6wAwpE=
github.com/prometheus/common v0.65.0 h1:QDwzd+G1twt//Kwj/Ww6E9FQq1iVMmODnILtW1t2VzE=
github.com/prometheus/common v0.65.0/go.mod h1:0gZns+BLRQ3V6NdaerOhMbwwRbNh9hkGINtQAsP5GS8=
github.com/prometheus/otlptranslator v0.0.2 h1:+1CdeLVrRQ6Psmhnobldo0kTp96Rj80DRXRd5OSnMEQ=
github.com/prometheus/otlptranslator v0.0.2/go.mod h1:P8AwMgdD7XEr6QRUJ2QWLpiAZTgTE2UYgjlu3svompI=
github.com/prometheus/procfs v0.17.0 h1:FuLQ+05u4ZI+SS/w9+BWEM2TXiHKsUQ9TADiRH7DuK0=
github.com/prometheus/procfs v0.17.0/go.mod h1:oPQLaDAMRbA+u8H5Pbfq+dl3VDAvHxMUOVhe0wYB2zw=
github.com/rogpeppe/go-internal v1.13.1 h1:KvO1DLK/DRN07sQ1LQKScxyZJuNnedQ5/wKSR38lUII=
github.com/rogpeppe/go-internal v1.13.1/go.mod h1:uMEvuHeurkdAXX61udpOXGD/AzZDWNMNyH2VO9fmH0o=
github.com/rs/xid v1.6.0/go.mod h1:7XoLgs4eV+QndskICGsho+ADou8ySMSjJKDIan90Nz0=
github.com/rs/zerolog v1.34.0 h1:k43nTLIwcTVQAncfCw4KZ2VY6ukYoZaBPNOE8txlOeY=
github.com/rs/zerolog v1.34.0/go.mod h1:bJsvje4Z08ROH4Nhs5iH600c3IkWhwp44iRc54W6wYQ=
github.com/stretchr/objx v0.1.0/go.mod h1:HFkY916IF+rwdDfMAkV7OtwuqBVzrE8GR6GFx+wExME=
github.com/stretchr/testify v1.11.1 h1:7s2iGBzp5EwR7/aIZr8ao5+dra3wiQyKjjFuvgVKu7U=
github.com/stretchr/testify v1.11.1/go.mod h1:wZwfW3scLgRK+23gO65QZefKpKQRnfz6sD981Nm4B6U=
go.opentelemetry.io/auto/sdk v1.1.0 h1:cH53jehLUN6UFLY71z+NDOiNJqDdPRaXzTel0sJySYA=
go.opentelemetry.io/auto/sdk v1.1.0/go.mod h1:3wSPjt5PWp2RhlCcmmOial7AvC4DQqZb7a7wCow3W8A=
go.opentelemetry.io/otel v1.38.0 h1:RkfdswUDRimDg0m2Az18RKOsnI8UDzppJAtj01/Ymk8=
go.opentelemetry.io/otel v1.38.0/go.mod h1:zcmtmQ1+YmQM9wrNsTGV/q/uyusom3P8RxwExxkZhjM=
go.opentelemetry.io/otel/exporters/otlp/otlpmetric/otlpmetricgrpc v1.38.0 h1:vl9obrcoWVKp/lwl8tRE33853I8Xru9HFbw/skNeLs8=
go.opentelemetry.io/otel/exporters/otlp/otlpmetric/otlpmetricgrpc v1.38.0/go.mod h1:GAXRxmLJcVM3u22IjTg74zWBrRCKq8BnOqUVLodpcpw=
go.opentelemetry.io/otel/exporters/otlp/otlptrace v1.38.0 h1:GqRJVj7UmLjCVyVJ3ZFLdPRmhDUp2zFmQe3RHIOsw24=
go.opentelemetry.io/otel/exporters/otlp/otlptrace v1.38.0/go.mod h1:ri3aaHSmCTVYu2AWv44YMauwAQc0aqI9gHKIcSbI1pU=
go.opentelemetry.io/otel/exporters/otlp/otlptrace/otlptracegrpc v1.38.0 h1:lwI4Dc5leUqENgGuQImwLo4WnuXFPetmPpkLi2IrX54=
go.opentelemetry.io/otel/exporters/otlp/otlptrace/otlptracegrpc v1.38.0/go.mod h1:Kz/oCE7z5wuyhPxsXDuaPteSWqjSBD5YaSdbxZYGbGk=
go.opentelemetry.io/otel/exporters/prometheus v0.60.0 h1:cGtQxGvZbnrWdC2GyjZi0PDKVSLWP/Jocix3QWfXtbo=
go.opentelemetry.io/otel/exporters/prometheus v0.60.0/go.mod h1:hkd1EekxNo69PTV4OWFGZcKQiIqg0RfuWExcPKFvepk=
go.opentelemetry.io/otel/metric v1.38.0 h1:Kl6lzIYGAh5M159u9NgiRkmoMKjvbsKtYRwgfrA6WpA=
go.opentelemetry.io/otel/metric v1.38.0/go.mod h1:kB5n/QoRM8YwmUahxvI3bO34eVtQf2i4utNVLr9gEmI=
go.opentelemetry.io/otel/sdk v1.38.0 h1:l48sr5YbNf2hpCUj/FoGhW9yDkl+Ma+LrVl8qaM5b+E=
go.opentelemetry.io/otel/sdk v1.38.0/go.mod h1:ghmNdGlVemJI3+ZB5iDEuk4bWA3GkTpW+DOoZMYBVVg=
go.opentelemetry.io/otel/sdk/metric v1.38.0 h1:aSH66iL0aZqo//xXzQLYozmWrXxyFkBJ6qT5wthqPoM=
go.opentelemetry.io/otel/sdk/metric v1.38.0/go.mod h1:dg9PBnW9XdQ1Hd6ZnRz689CbtrUp0wMMs9iPcgT9EZA=
go.opentelemetry.io/otel/trace v1.38.0 h1:Fxk5bKrDZJUH+AMyyIXGcFAPah0oRcT+LuNtJrmcNLE=
go.opentelemetry.io/otel/trace v1.38.0/go.mod h1:j1P9ivuFsTceSWe1oY+EeW3sc+Pp42sO++GHkg4wwhs=
go.opentelemetry.io/proto/otlp v1.7.1 h1:gTOMpGDb0WTBOP8JaO72iL3auEZhVmAQg4ipjOVAtj4=
go.opentelemetry.io/proto/otlp v1.7.1/go.mod h1:b2rVh6rfI/s2pHWNlB7ILJcRALpcNDzKhACevjI+ZnE=
go.uber.org/goleak v1.3.0 h1:2K3zAYmnTNqV73imy9J1T3WC+gmCePx2hEGkimedGto=
go.uber.org/goleak v1.3.0/go.mod h1:CoHD4mav9JJNrW/WLlf7HGZPjdw8EucARQHekz1X6bE=
golang.org/x/net v0.43.0 h1:lat02VYK2j4aLzMzecihNvTlJNQUq316m2Mr9rnM6YE=
golang.org/x/net v0.43.0/go.mod h1:vhO1fvI4dGsIjh73sWfUVjj3N7CA9WkKJNQm2svM6Jg=
golang.org/x/sync v0.19.0 h1:vV+1eWNmZ5geRlYjzm2adRgW2/mcpevXNg50YZtPCE4=
golang.org/x/sync v0.19.0/go.mod h1:9KTHXmSnoGruLpwFjVSX0lNNA75CykiMECbovNTZqGI=
golang.org/x/sys v0.0.0-20220811171246-fbc7d0a398ab/go.mod h1:oPkhp1MJrh7nUepCBck5+mAzfO9JrbApNNgaTdGDITg=
golang.org/x/sys v0.6.0/go.mod h1:oPkhp1MJrh7nUepCBck5+mAzfO9JrbApNNgaTdGDITg=
golang.org/x/sys v0.12.0/go.mod h1:oPkhp1MJrh7nUepCBck5+mAzfO9JrbApNNgaTdGDITg=
golang.org/x/sys v0.35.0 h1:vz1N37gP5bs89s7He8XuIYXpyY0+QlsKmzipCbUtyxI=
golang.org/x/sys v0.35.0/go.mod h1:BJP2sWEmIv4KK5OTEluFJCKSidICx8ciO85XgH3Ak8k=
golang.org/x/text v0.28.0 h1:rhazDwis8INMIwQ4tpjLDzUhx6RlXqZNPEM0huQojng=
golang.org/x/text v0.28.0/go.mod h1:U8nCwOR8jO/marOQ0QbDiOngZVEBB7MAiitBuMjXiNU=
gonum.org/v1/gonum v0.16.0 h1:5+ul4Swaf3ESvrOnidPp4GZbzf0mxVQpDCYUQE7OJfk=
gonum.org/v1/gonum v0.16.0/go.mod h1:fef3am4MQ93R2HHpKnLk4/Tbh/s0+wqD5nfa6Pnwy4E=
google.golang.org/genproto/googleapis/api v0.0.0-20250825161204-c5933d9347a5 h1:BIRfGDEjiHRrk0QKZe3Xv2ieMhtgRGeLcZQ0mIVn4EY=
google.golang.org/genproto/googleapis/api v0.0.0-20250825161204-c5933d9347a5/go.mod h1:j3QtIyytwqGr1JUDtYXwtMXWPKsEa5LtzIFN1Wn5WvE=
google.golang.org/genproto/googleapis/rpc v0.0.0-20250825161204-c5933d9347a5 h1:eaY8u2EuxbRv7c3NiGK0/NedzVsCcV6hDuU5qPX5EGE=
google.golang.org/genproto/googleapis/rpc v0.0.0-20250825161204-c5933d9347a5/go.mod h1:M4/wBTSeyLxupu3W3tJtOgB14jILAS/XWPSSa3TAlJc=
google.golang.org/grpc v1.75.0 h1:+TW+dqTd2Biwe6KKfhE5JpiYIBWq865PhKGSXiivqt4=
google.golang.org/grpc v1.75.0/go.mod h1:JtPAzKiq4v1xcAB2hydNlWI2RnF85XXcV0mhKXr2ecQ=
google.golang.org/protobuf v1.36.8 h1:xHScyCOEuuwZEc6UtSOvPbAT4zRh0xcNRYekJwfqyMc=
google.golang.org/protobuf v1.36.8/go.mod h1:fuxRtAxBytpl4zzqUh6/eyUujkJdNiuEkXntxiD/uRU=
gopkg.in/check.v1 v0.0.0-20161208181325-20d25e280405/go.mod h1:Co6ibVJAznAaIkqp8huTwlJQCZ016jof/cbN4VW5Yz0=
gopkg.in/check.v1 v1.0.0-20201130134442-10cb98267c6c h1:Hei/4ADfdWqJk1ZMxUNpqntNwaWcugrBjAiHlqqRiVk=
gopkg.in/check.v1 v1.0.0-20201130134442-10cb98267c6c/go.mod h1:JHkPIbrfpd72SG/EVd6muEfDQjcINNoR0C8j2r3qZ4Q=
gopkg.in/yaml.v2 v2.2.8/go.mod h1:hI93XBmqTisBFMUTm0b8Fm+jr3Dg1NNxqwp+5A1VGuI=
gopkg.in/yaml.v2 v2.4.0 h1:D8xgwECY7CYvx+Y2n4sBz93Jn9JRvxdiyyo8CTfuKaY=
gopkg.in/yaml.v2 v2.4.0/go.mod h1:RDklbk79AGWmwhnvt/jBztapEOGDOx6ZbXqjP6csGnQ=
gopkg.in/yaml.v3 v3.0.1 h1:fxVm/GzAzEWqLHuvctI91KS9hhNmmWOoWu0XTYJS7CA=
gopkg.in/yaml.v3 v3.0.1/go.mod h1:K4uyk7z7BCEPqu6E+C64Yfv1cQ7kz7rIZviUmN+EgEM=
